
Microsoft Visual Studio Solution File, Format Version 12.00
# Visual Studio 2013
VisualStudioVersion = 12.0.31101.0
MinimumVisualStudioVersion = 10.0.40219.1
Project("{2150E333-8FDC-42A3-9474-1A3956D46DE8}") = ".solution", ".solution", "{114EA45B-6920-463B-8A17-FDBA4445F0FD}"
	ProjectSection(SolutionItems) = preProject
		.gitattributes = .gitattributes
		.gitignore = .gitignore
		paket.cmd = paket.cmd
		RELEASE_NOTES.md = RELEASE_NOTES.md
	EndProjectSection
EndProject
Project("{2150E333-8FDC-42A3-9474-1A3956D46DE8}") = ".build", ".build", "{08AE465F-6135-4769-9E0B-27D27A41B24A}"
	ProjectSection(SolutionItems) = preProject
		build.cmd = build.cmd
		build.fsx = build.fsx
	EndProjectSection
EndProject
Project("{FAE04EC0-301F-11D3-BF4B-00C04F79EFBC}") = "Squirrely", "src\Squirrely\Squirrely.csproj", "{E614BE17-FDEF-47D2-BA95-F0D297B07D77}"
EndProject
Project("{2150E333-8FDC-42A3-9474-1A3956D46DE8}") = ".paket", ".paket", "{25477FE3-4C8A-490E-9992-31456A6DEA12}"
	ProjectSection(SolutionItems) = preProject
		.paket\paket.bootstrapper.exe = .paket\paket.bootstrapper.exe
		.paket\paket.targets = .paket\paket.targets
	EndProjectSection
EndProject
Global
	GlobalSection(SolutionConfigurationPlatforms) = preSolution
		Debug|Any CPU = Debug|Any CPU
		Release|Any CPU = Release|Any CPU
	EndGlobalSection
	GlobalSection(ProjectConfigurationPlatforms) = postSolution
		{E614BE17-FDEF-47D2-BA95-F0D297B07D77}.Debug|Any CPU.ActiveCfg = Debug|Any CPU
		{E614BE17-FDEF-47D2-BA95-F0D297B07D77}.Debug|Any CPU.Build.0 = Debug|Any CPU
		{E614BE17-FDEF-47D2-BA95-F0D297B07D77}.Release|Any CPU.ActiveCfg = Release|Any CPU
		{E614BE17-FDEF-47D2-BA95-F0D297B07D77}.Release|Any CPU.Build.0 = Release|Any CPU
	EndGlobalSection
	GlobalSection(SolutionProperties) = preSolution
		HideSolutionNode = FALSE
	EndGlobalSection
EndGlobal
